{
  "requires": true,
  "lockfileVersion": 1,
  "dependencies": {
    "cordova-plugin-splashscreen": {
      "version": "git+https://github.com/apache/cordova-plugin-splashscreen.git#048702cb9ccb58ced1fa001675d0789373726f41",
      "from": "git+https://github.com/apache/cordova-plugin-splashscreen.git"
    }
  }
}